<?xml version="1.0" encoding="utf-8"?>
<Project ToolsVersion="4.0" xmlns="http://schemas.microsoft.com/developer/msbuild/2003">
  <ItemGroup>
    <Filter Include="Source Files">
      <UniqueIdentifier>{4FC737F1-C7A5-4376-A066-2A32D752A2FF}</UniqueIdentifier>
      <Extensions>cpp;c;cc;cxx;def;odl;idl;hpj;bat;asm;asmx</Extensions>
    </Filter>
    <Filter Include="Header Files">
      <UniqueIdentifier>{93995380-89BD-4b04-88EB-625FBE52EBFB}</UniqueIdentifier>
      <Extensions>h;hh;hpp;hxx;hm;inl;inc;xsd</Extensions>
    </Filter>
    <Filter Include="Resource Files">
      <UniqueIdentifier>{D9D6E242-F8AF-46E4-B9FD-80ECBC20BA3E}</UniqueIdentifier>
      <Extensions>qrc;*</Extensions>
      <ParseFiles>false</ParseFiles>
    </Filter>
    <Filter Include="Form Files">
      <UniqueIdentifier>{99349809-55BA-4b9d-BF79-8FDBB0286EB3}</UniqueIdentifier>
      <Extensions>ui</Extensions>
    </Filter>
    <Filter Include="Resource Files">
      <UniqueIdentifier>{D9D6E242-F8AF-46E4-B9FD-80ECBC20BA3E}</UniqueIdentifier>
      <Extensions>qrc;*</Extensions>
      <ParseFiles>false</ParseFiles>
    </Filter>
    <Filter Include="Generated Files">
      <UniqueIdentifier>{71ED8ED8-ACB9-4CE9-BBE1-E00B30144E11}</UniqueIdentifier>
      <Extensions>moc;h;cpp</Extensions>
      <SourceControlFiles>False</SourceControlFiles>
    </Filter>
    <Filter Include="GrabLabel_EXE">
      <UniqueIdentifier>{3c5a1ebf-6603-4208-8b98-7474797c580b}</UniqueIdentifier>
    </Filter>
  </ItemGroup>
  <ItemGroup>
    <ClCompile Include="main.cpp">
      <Filter>Source Files</Filter>
    </ClCompile>
    <ClCompile Include="GrabLabel.cpp">
      <Filter>Source Files</Filter>
    </ClCompile>
    <ClCompile Include="ImageViewer.cpp">
      <Filter>Source Files</Filter>
    </ClCompile>
    <ClCompile Include="ROI.cpp">
      <Filter>Source Files</Filter>
    </ClCompile>
    <ClCompile Include="MyScene.cpp">
      <Filter>Source Files</Filter>
    </ClCompile>
    <ClCompile Include="MultiLabel.cpp">
      <Filter>Source Files</Filter>
    </ClCompile>
  </ItemGroup>
  <ItemGroup>
    <QtMoc Include="GrabLabel.h">
      <Filter>Header Files</Filter>
    </QtMoc>
    <QtMoc Include="MyScene.h">
      <Filter>Header Files</Filter>
    </QtMoc>
  </ItemGroup>
  <ItemGroup>
    <QtUic Include="GrabLabel.ui">
      <Filter>Form Files</Filter>
    </QtUic>
  </ItemGroup>
  <ItemGroup>
    <QtRcc Include="GrabLabel.qrc">
      <Filter>Resource Files</Filter>
    </QtRcc>
  </ItemGroup>
  <ItemGroup>
    <ClInclude Include="ImageViewer.h">
      <Filter>Header Files</Filter>
    </ClInclude>
    <ClInclude Include="ROI.h">
      <Filter>Header Files</Filter>
    </ClInclude>
    <ClInclude Include="ConvertType.h">
      <Filter>Header Files</Filter>
    </ClInclude>
    <ClInclude Include="MultiLabel.h">
      <Filter>Header Files</Filter>
    </ClInclude>
  </ItemGroup>
  <ItemGroup>
    <None Include="GrabLabel_EXE\GrabLabel.exe">
      <Filter>GrabLabel_EXE</Filter>
    </None>
    <None Include="GrabLabel_EXE\opencv_world345.dll">
      <Filter>GrabLabel_EXE</Filter>
    </None>
    <None Include="GrabLabel_EXE\Qt5Core.dll">
      <Filter>GrabLabel_EXE</Filter>
    </None>
    <None Include="GrabLabel_EXE\Qt5Designer.dll">
      <Filter>GrabLabel_EXE</Filter>
    </None>
    <None Include="GrabLabel_EXE\Qt5Gui.dll">
      <Filter>GrabLabel_EXE</Filter>
    </None>
    <None Include="GrabLabel_EXE\Qt5Widgets.dll">
      <Filter>GrabLabel_EXE</Filter>
    </None>
  </ItemGroup>
  <ItemGroup>
    <Text Include="GrabLabel_EXE\labels.txt">
      <Filter>GrabLabel_EXE</Filter>
    </Text>
  </ItemGroup>
  <ItemGroup>
    <Image Include="GrabLabel_EXE\exp1.jpg">
      <Filter>GrabLabel_EXE</Filter>
    </Image>
    <Image Include="GrabLabel_EXE\exp2.png">
      <Filter>GrabLabel_EXE</Filter>
    </Image>
    <Image Include="GrabLabel_EXE\label1.png">
      <Filter>GrabLabel_EXE</Filter>
    </Image>
    <Image Include="GrabLabel_EXE\label2.png">
      <Filter>GrabLabel_EXE</Filter>
    </Image>
  </ItemGroup>
</Project>